
Microsoft Visual Studio Solution File, Format Version 12.00
# Visual Studio 14
VisualStudioVersion = 14.0.25420.1
MinimumVisualStudioVersion = 10.0.40219.1
Project("{8BC9CEB8-8B4A-11D0-8D11-00A0C91BC942}") = "baek15685_드래곤커브", "baek15685_드래곤커브\baek15685_드래곤커브.vcxproj", "{76B77DB9-65C3-407C-85B5-DC159B139736}"
EndProject
Project("{8BC9CEB8-8B4A-11D0-8D11-00A0C91BC942}") = "baek14891_톱니바퀴", "baek14891_톱니바퀴\baek14891_톱니바퀴.vcxproj", "{82A21F69-5B72-4E39-9B20-036BE72A5794}"
EndProject
Project("{8BC9CEB8-8B4A-11D0-8D11-00A0C91BC942}") = "baek14890_경사로", "baek14890_경사로\baek14890_경사로.vcxproj", "{5997E92F-1CB0-4698-868E-DE5AD16D61C8}"
EndProject
Project("{8BC9CEB8-8B4A-11D0-8D11-00A0C91BC942}") = "baek13458_시험감독", "baek13458_시험감독\baek13458_시험감독.vcxproj", "{D74B300C-3000-4934-9337-1E89128C6E2A}"
EndProject
Project("{8BC9CEB8-8B4A-11D0-8D11-00A0C91BC942}") = "baek12100_2048 (Easy)", "baek12100_2048 (Easy)\baek12100_2048 (Easy).vcxproj", "{FAA052E0-E9C5-46E3-82D0-95D4A7F6B79E}"
EndProject
Project("{8BC9CEB8-8B4A-11D0-8D11-00A0C91BC942}") = "baek13460_구슬탈출2", "baek13460_구슬탈출2\baek13460_구슬탈출2.vcxproj", "{EA393DC2-5243-4663-AE75-FB540DFDDD80}"
EndProject
Project("{8BC9CEB8-8B4A-11D0-8D11-00A0C91BC942}") = "baek14503_로봇청소기", "baek14503_로봇청소기\baek14503_로봇청소기.vcxproj", "{89318D26-1685-4E17-8BE6-C3E96E06151E}"
EndProject
Project("{8BC9CEB8-8B4A-11D0-8D11-00A0C91BC942}") = "baek1937_욕심쟁이판다", "baek1937_욕심쟁이판다\baek1937_욕심쟁이판다.vcxproj", "{DE6AACC3-3E0A-4064-9295-488C2C32A6BA}"
EndProject
Project("{8BC9CEB8-8B4A-11D0-8D11-00A0C91BC942}") = "14502_연구소", "14502_연구소\14502_연구소.vcxproj", "{CC602479-57D5-4436-AB24-C42A04DCD8FE}"
EndProject
Project("{8BC9CEB8-8B4A-11D0-8D11-00A0C91BC942}") = "15683_감시", "15683_감시\15683_감시.vcxproj", "{A1DB49A1-30B0-4B76-A6DD-661126F97246}"
EndProject
Project("{8BC9CEB8-8B4A-11D0-8D11-00A0C91BC942}") = "15684_사다리조작", "15684_사다리조작\15684_사다리조작.vcxproj", "{680761CB-5554-4065-8764-081FE7148A31}"
EndProject
Project("{8BC9CEB8-8B4A-11D0-8D11-00A0C91BC942}") = "15686_치킨배달", "15686_치킨배달\15686_치킨배달.vcxproj", "{F7236FF9-712A-4B04-80DA-09663974416D}"
EndProject
Project("{8BC9CEB8-8B4A-11D0-8D11-00A0C91BC942}") = "baek14501_퇴사", "baek14501_퇴사\baek14501.vcxproj", "{2D55BA39-B573-42B1-A9FF-5ACB635DD1F5}"
EndProject
Global
	GlobalSection(SolutionConfigurationPlatforms) = preSolution
		Debug|x64 = Debug|x64
		Debug|x86 = Debug|x86
		Release|x64 = Release|x64
		Release|x86 = Release|x86
	EndGlobalSection
	GlobalSection(ProjectConfigurationPlatforms) = postSolution
		{76B77DB9-65C3-407C-85B5-DC159B139736}.Debug|x64.ActiveCfg = Debug|x64
		{76B77DB9-65C3-407C-85B5-DC159B139736}.Debug|x64.Build.0 = Debug|x64
		{76B77DB9-65C3-407C-85B5-DC159B139736}.Debug|x86.ActiveCfg = Debug|Win32
		{76B77DB9-65C3-407C-85B5-DC159B139736}.Debug|x86.Build.0 = Debug|Win32
		{76B77DB9-65C3-407C-85B5-DC159B139736}.Release|x64.ActiveCfg = Release|x64
		{76B77DB9-65C3-407C-85B5-DC159B139736}.Release|x64.Build.0 = Release|x64
		{76B77DB9-65C3-407C-85B5-DC159B139736}.Release|x86.ActiveCfg = Release|Win32
		{76B77DB9-65C3-407C-85B5-DC159B139736}.Release|x86.Build.0 = Release|Win32
		{82A21F69-5B72-4E39-9B20-036BE72A5794}.Debug|x64.ActiveCfg = Debug|x64
		{82A21F69-5B72-4E39-9B20-036BE72A5794}.Debug|x64.Build.0 = Debug|x64
		{82A21F69-5B72-4E39-9B20-036BE72A5794}.Debug|x86.ActiveCfg = Debug|Win32
		{82A21F69-5B72-4E39-9B20-036BE72A5794}.Debug|x86.Build.0 = Debug|Win32
		{82A21F69-5B72-4E39-9B20-036BE72A5794}.Release|x64.ActiveCfg = Release|x64
		{82A21F69-5B72-4E39-9B20-036BE72A5794}.Release|x64.Build.0 = Release|x64
		{82A21F69-5B72-4E39-9B20-036BE72A5794}.Release|x86.ActiveCfg = Release|Win32
		{82A21F69-5B72-4E39-9B20-036BE72A5794}.Release|x86.Build.0 = Release|Win32
		{5997E92F-1CB0-4698-868E-DE5AD16D61C8}.Debug|x64.ActiveCfg = Debug|x64
		{5997E92F-1CB0-4698-868E-DE5AD16D61C8}.Debug|x64.Build.0 = Debug|x64
		{5997E92F-1CB0-4698-868E-DE5AD16D61C8}.Debug|x86.ActiveCfg = Debug|Win32
		{5997E92F-1CB0-4698-868E-DE5AD16D61C8}.Debug|x86.Build.0 = Debug|Win32
		{5997E92F-1CB0-4698-868E-DE5AD16D61C8}.Release|x64.ActiveCfg = Release|x64
		{5997E92F-1CB0-4698-868E-DE5AD16D61C8}.Release|x64.Build.0 = Release|x64
		{5997E92F-1CB0-4698-868E-DE5AD16D61C8}.Release|x86.ActiveCfg = Release|Win32
		{5997E92F-1CB0-4698-868E-DE5AD16D61C8}.Release|x86.Build.0 = Release|Win32
		{D74B300C-3000-4934-9337-1E89128C6E2A}.Debug|x64.ActiveCfg = Debug|x64
		{D74B300C-3000-4934-9337-1E89128C6E2A}.Debug|x64.Build.0 = Debug|x64
		{D74B300C-3000-4934-9337-1E89128C6E2A}.Debug|x86.ActiveCfg = Debug|Win32
		{D74B300C-3000-4934-9337-1E89128C6E2A}.Debug|x86.Build.0 = Debug|Win32
		{D74B300C-3000-4934-9337-1E89128C6E2A}.Release|x64.ActiveCfg = Release|x64
		{D74B300C-3000-4934-9337-1E89128C6E2A}.Release|x64.Build.0 = Release|x64
		{D74B300C-3000-4934-9337-1E89128C6E2A}.Release|x86.ActiveCfg = Release|Win32
		{D74B300C-3000-4934-9337-1E89128C6E2A}.Release|x86.Build.0 = Release|Win32
		{FAA052E0-E9C5-46E3-82D0-95D4A7F6B79E}.Debug|x64.ActiveCfg = Debug|x64
		{FAA052E0-E9C5-46E3-82D0-95D4A7F6B79E}.Debug|x64.Build.0 = Debug|x64
		{FAA052E0-E9C5-46E3-82D0-95D4A7F6B79E}.Debug|x86.ActiveCfg = Debug|Win32
		{FAA052E0-E9C5-46E3-82D0-95D4A7F6B79E}.Debug|x86.Build.0 = Debug|Win32
		{FAA052E0-E9C5-46E3-82D0-95D4A7F6B79E}.Release|x64.ActiveCfg = Release|x64
		{FAA052E0-E9C5-46E3-82D0-95D4A7F6B79E}.Release|x64.Build.0 = Release|x64
		{FAA052E0-E9C5-46E3-82D0-95D4A7F6B79E}.Release|x86.ActiveCfg = Release|Win32
		{FAA052E0-E9C5-46E3-82D0-95D4A7F6B79E}.Release|x86.Build.0 = Release|Win32
		{EA393DC2-5243-4663-AE75-FB540DFDDD80}.Debug|x64.ActiveCfg = Debug|x64
		{EA393DC2-5243-4663-AE75-FB540DFDDD80}.Debug|x64.Build.0 = Debug|x64
		{EA393DC2-5243-4663-AE75-FB540DFDDD80}.Debug|x86.ActiveCfg = Debug|Win32
		{EA393DC2-5243-4663-AE75-FB540DFDDD80}.Debug|x86.Build.0 = Debug|Win32
		{EA393DC2-5243-4663-AE75-FB540DFDDD80}.Release|x64.ActiveCfg = Release|x64
		{EA393DC2-5243-4663-AE75-FB540DFDDD80}.Release|x64.Build.0 = Release|x64
		{EA393DC2-5243-4663-AE75-FB540DFDDD80}.Release|x86.ActiveCfg = Release|Win32
		{EA393DC2-5243-4663-AE75-FB540DFDDD80}.Release|x86.Build.0 = Release|Win32
		{89318D26-1685-4E17-8BE6-C3E96E06151E}.Debug|x64.ActiveCfg = Debug|x64
		{89318D26-1685-4E17-8BE6-C3E96E06151E}.Debug|x64.Build.0 = Debug|x64
		{89318D26-1685-4E17-8BE6-C3E96E06151E}.Debug|x86.ActiveCfg = Debug|Win32
		{89318D26-1685-4E17-8BE6-C3E96E06151E}.Debug|x86.Build.0 = Debug|Win32
		{89318D26-1685-4E17-8BE6-C3E96E06151E}.Release|x64.ActiveCfg = Release|x64
		{89318D26-1685-4E17-8BE6-C3E96E06151E}.Release|x64.Build.0 = Release|x64
		{89318D26-1685-4E17-8BE6-C3E96E06151E}.Release|x86.ActiveCfg = Release|Win32
		{89318D26-1685-4E17-8BE6-C3E96E06151E}.Release|x86.Build.0 = Release|Win32
		{DE6AACC3-3E0A-4064-9295-488C2C32A6BA}.Debug|x64.ActiveCfg = Debug|x64
		{DE6AACC3-3E0A-4064-9295-488C2C32A6BA}.Debug|x64.Build.0 = Debug|x64
		{DE6AACC3-3E0A-4064-9295-488C2C32A6BA}.Debug|x86.ActiveCfg = Debug|Win32
		{DE6AACC3-3E0A-4064-9295-488C2C32A6BA}.Debug|x86.Build.0 = Debug|Win32
		{DE6AACC3-3E0A-4064-9295-488C2C32A6BA}.Release|x64.ActiveCfg = Release|x64
		{DE6AACC3-3E0A-4064-9295-488C2C32A6BA}.Release|x64.Build.0 = Release|x64
		{DE6AACC3-3E0A-4064-9295-488C2C32A6BA}.Release|x86.ActiveCfg = Release|Win32
		{DE6AACC3-3E0A-4064-9295-488C2C32A6BA}.Release|x86.Build.0 = Release|Win32
		{CC602479-57D5-4436-AB24-C42A04DCD8FE}.Debug|x64.ActiveCfg = Debug|x64
		{CC602479-57D5-4436-AB24-C42A04DCD8FE}.Debug|x64.Build.0 = Debug|x64
		{CC602479-57D5-4436-AB24-C42A04DCD8FE}.Debug|x86.ActiveCfg = Debug|Win32
		{CC602479-57D5-4436-AB24-C42A04DCD8FE}.Debug|x86.Build.0 = Debug|Win32
		{CC602479-57D5-4436-AB24-C42A04DCD8FE}.Release|x64.ActiveCfg = Release|x64
		{CC602479-57D5-4436-AB24-C42A04DCD8FE}.Release|x64.Build.0 = Release|x64
		{CC602479-57D5-4436-AB24-C42A04DCD8FE}.Release|x86.ActiveCfg = Release|Win32
		{CC602479-57D5-4436-AB24-C42A04DCD8FE}.Release|x86.Build.0 = Release|Win32
		{A1DB49A1-30B0-4B76-A6DD-661126F97246}.Debug|x64.ActiveCfg = Debug|x64
		{A1DB49A1-30B0-4B76-A6DD-661126F97246}.Debug|x64.Build.0 = Debug|x64
		{A1DB49A1-30B0-4B76-A6DD-661126F97246}.Debug|x86.ActiveCfg = Debug|Win32
		{A1DB49A1-30B0-4B76-A6DD-661126F97246}.Debug|x86.Build.0 = Debug|Win32
		{A1DB49A1-30B0-4B76-A6DD-661126F97246}.Release|x64.ActiveCfg = Release|x64
		{A1DB49A1-30B0-4B76-A6DD-661126F97246}.Release|x64.Build.0 = Release|x64
		{A1DB49A1-30B0-4B76-A6DD-661126F97246}.Release|x86.ActiveCfg = Release|Win32
		{A1DB49A1-30B0-4B76-A6DD-661126F97246}.Release|x86.Build.0 = Release|Win32
		{680761CB-5554-4065-8764-081FE7148A31}.Debug|x64.ActiveCfg = Debug|x64
		{680761CB-5554-4065-8764-081FE7148A31}.Debug|x64.Build.0 = Debug|x64
		{680761CB-5554-4065-8764-081FE7148A31}.Debug|x86.ActiveCfg = Debug|Win32
		{680761CB-5554-4065-8764-081FE7148A31}.Debug|x86.Build.0 = Debug|Win32
		{680761CB-5554-4065-8764-081FE7148A31}.Release|x64.ActiveCfg = Release|x64
		{680761CB-5554-4065-8764-081FE7148A31}.Release|x64.Build.0 = Release|x64
		{680761CB-5554-4065-8764-081FE7148A31}.Release|x86.ActiveCfg = Release|Win32
		{680761CB-5554-4065-8764-081FE7148A31}.Release|x86.Build.0 = Release|Win32
		{F7236FF9-712A-4B04-80DA-09663974416D}.Debug|x64.ActiveCfg = Debug|x64
		{F7236FF9-712A-4B04-80DA-09663974416D}.Debug|x64.Build.0 = Debug|x64
		{F7236FF9-712A-4B04-80DA-09663974416D}.Debug|x86.ActiveCfg = Debug|Win32
		{F7236FF9-712A-4B04-80DA-09663974416D}.Debug|x86.Build.0 = Debug|Win32
		{F7236FF9-712A-4B04-80DA-09663974416D}.Release|x64.ActiveCfg = Release|x64
		{F7236FF9-712A-4B04-80DA-09663974416D}.Release|x64.Build.0 = Release|x64
		{F7236FF9-712A-4B04-80DA-09663974416D}.Release|x86.ActiveCfg = Release|Win32
		{F7236FF9-712A-4B04-80DA-09663974416D}.Release|x86.Build.0 = Release|Win32
		{2D55BA39-B573-42B1-A9FF-5ACB635DD1F5}.Debug|x64.ActiveCfg = Debug|x64
		{2D55BA39-B573-42B1-A9FF-5ACB635DD1F5}.Debug|x64.Build.0 = Debug|x64
		{2D55BA39-B573-42B1-A9FF-5ACB635DD1F5}.Debug|x86.ActiveCfg = Debug|Win32
		{2D55BA39-B573-42B1-A9FF-5ACB635DD1F5}.Debug|x86.Build.0 = Debug|Win32
		{2D55BA39-B573-42B1-A9FF-5ACB635DD1F5}.Release|x64.ActiveCfg = Release|x64
		{2D55BA39-B573-42B1-A9FF-5ACB635DD1F5}.Release|x64.Build.0 = Release|x64
		{2D55BA39-B573-42B1-A9FF-5ACB635DD1F5}.Release|x86.ActiveCfg = Release|Win32
		{2D55BA39-B573-42B1-A9FF-5ACB635DD1F5}.Release|x86.Build.0 = Release|Win32
	EndGlobalSection
	GlobalSection(SolutionProperties) = preSolution
		HideSolutionNode = FALSE
	EndGlobalSection
EndGlobal
